
Microsoft Visual Studio Solution File, Format Version 12.00
# Visual Studio Version 16
VisualStudioVersion = 16.0.35229.62
MinimumVisualStudioVersion = 10.0.40219.1
Project("{FAE04EC0-301F-11D3-BF4B-00C04F79EFBC}") = "THBaoMat", "THBaoMat\THBaoMat.csproj", "{730693DD-027E-4F96-ADB1-BFFDD1CBABE7}"
EndProject
Global
	GlobalSection(SolutionConfigurationPlatforms) = preSolution
		Debug|Any CPU = Debug|Any CPU
		Release|Any CPU = Release|Any CPU
	EndGlobalSection
	GlobalSection(ProjectConfigurationPlatforms) = postSolution
		{730693DD-027E-4F96-ADB1-BFFDD1CBABE7}.Debug|Any CPU.ActiveCfg = Debug|Any CPU
		{730693DD-027E-4F96-ADB1-BFFDD1CBABE7}.Debug|Any CPU.Build.0 = Debug|Any CPU
		{730693DD-027E-4F96-ADB1-BFFDD1CBABE7}.Release|Any CPU.ActiveCfg = Release|Any CPU
		{730693DD-027E-4F96-ADB1-BFFDD1CBABE7}.Release|Any CPU.Build.0 = Release|Any CPU
	EndGlobalSection
	GlobalSection(SolutionProperties) = preSolution
		HideSolutionNode = FALSE
	EndGlobalSection
	GlobalSection(ExtensibilityGlobals) = postSolution
		SolutionGuid = {14D56110-5736-4F6F-B617-6EDF6CD5A0D2}
	EndGlobalSection
EndGlobal
